
Microsoft Visual Studio Solution File, Format Version 12.00
# Visual Studio Version 17
VisualStudioVersion = 17.13.35825.156 d17.13
MinimumVisualStudioVersion = 10.0.40219.1
Project("{FAE04EC0-301F-11D3-BF4B-00C04F79EFBC}") = "bank", "bank\bank.csproj", "{467D7EBB-AC19-4B03-BF1A-288E2F9397FC}"
EndProject
Global
	GlobalSection(SolutionConfigurationPlatforms) = preSolution
		Debug|Any CPU = Debug|Any CPU
		Release|Any CPU = Release|Any CPU
	EndGlobalSection
	GlobalSection(ProjectConfigurationPlatforms) = postSolution
		{467D7EBB-AC19-4B03-BF1A-288E2F9397FC}.Debug|Any CPU.ActiveCfg = Debug|Any CPU
		{467D7EBB-AC19-4B03-BF1A-288E2F9397FC}.Debug|Any CPU.Build.0 = Debug|Any CPU
		{467D7EBB-AC19-4B03-BF1A-288E2F9397FC}.Release|Any CPU.ActiveCfg = Release|Any CPU
		{467D7EBB-AC19-4B03-BF1A-288E2F9397FC}.Release|Any CPU.Build.0 = Release|Any CPU
	EndGlobalSection
	GlobalSection(SolutionProperties) = preSolution
		HideSolutionNode = FALSE
	EndGlobalSection
	GlobalSection(ExtensibilityGlobals) = postSolution
		SolutionGuid = {5917A59F-B2E5-479A-B0A9-F7C467EB7C8B}
	EndGlobalSection
EndGlobal
